
Microsoft Visual Studio Solution File, Format Version 12.00
# Visual Studio Version 17
VisualStudioVersion = 17.10.34928.147
MinimumVisualStudioVersion = 10.0.40219.1
Project("{FAE04EC0-301F-11D3-BF4B-00C04F79EFBC}") = "MOVIE TICKET BOOKING", "MOVIE TICKET BOOKING\MOVIE TICKET BOOKING.csproj", "{C28BB04A-7410-4F94-B6B1-D7A9C2342CAF}"
EndProject
Global
	GlobalSection(SolutionConfigurationPlatforms) = preSolution
		Debug|Any CPU = Debug|Any CPU
		Release|Any CPU = Release|Any CPU
	EndGlobalSection
	GlobalSection(ProjectConfigurationPlatforms) = postSolution
		{C28BB04A-7410-4F94-B6B1-D7A9C2342CAF}.Debug|Any CPU.ActiveCfg = Debug|Any CPU
		{C28BB04A-7410-4F94-B6B1-D7A9C2342CAF}.Debug|Any CPU.Build.0 = Debug|Any CPU
		{C28BB04A-7410-4F94-B6B1-D7A9C2342CAF}.Release|Any CPU.ActiveCfg = Release|Any CPU
		{C28BB04A-7410-4F94-B6B1-D7A9C2342CAF}.Release|Any CPU.Build.0 = Release|Any CPU
	EndGlobalSection
	GlobalSection(SolutionProperties) = preSolution
		HideSolutionNode = FALSE
	EndGlobalSection
	GlobalSection(ExtensibilityGlobals) = postSolution
		SolutionGuid = {D0A9B062-0700-4EA8-B8CA-0E8DF5426889}
	EndGlobalSection
EndGlobal
